// !$*UTF8*$!
{
	archiveVersion = 1;
	classes = {
	};
	objectVersion = 46;
	objects = {

/* Begin PBXBuildFile section */
		1853DF7418437E8E00C1FDC9 /* mystring.strings in Resources */ = {isa = PBXBuildFile; fileRef = 1853DF7618437E8E00C1FDC9 /* mystring.strings */; };
		1864335F184CD0430054F519 /* title_bar.png in Resources */ = {isa = PBXBuildFile; fileRef = 1864335E184CD0430054F519 /* title_bar.png */; };
		188655541809A47D00035915 /* UserInfo.m in Sources */ = {isa = PBXBuildFile; fileRef = 188655531809A47D00035915 /* UserInfo.m */; };
		1892E69018477037009A3255 /* SettingList.m in Sources */ = {isa = PBXBuildFile; fileRef = 1892E68F18477037009A3255 /* SettingList.m */; };
		1892E692184774EE009A3255 /* CustomCell.xib in Resources */ = {isa = PBXBuildFile; fileRef = 1892E691184774EE009A3255 /* CustomCell.xib */; };
		1892E69518477527009A3255 /* CustomCell.m in Sources */ = {isa = PBXBuildFile; fileRef = 1892E69418477527009A3255 /* CustomCell.m */; };
		1892E69718477D45009A3255 /* libsqlite3.0.dylib in Frameworks */ = {isa = PBXBuildFile; fileRef = 1892E69618477D45009A3255 /* libsqlite3.0.dylib */; };
		1892E69B18477E18009A3255 /* SqlHelper.m in Sources */ = {isa = PBXBuildFile; fileRef = 1892E69A18477E18009A3255 /* SqlHelper.m */; };
		1892E6A818478152009A3255 /* FMDatabase.m in Sources */ = {isa = PBXBuildFile; fileRef = 1892E69E18478152009A3255 /* FMDatabase.m */; settings = {COMPILER_FLAGS = "-fno-objc-arc"; }; };
		1892E6A918478152009A3255 /* FMDatabaseAdditions.m in Sources */ = {isa = PBXBuildFile; fileRef = 1892E6A018478152009A3255 /* FMDatabaseAdditions.m */; settings = {COMPILER_FLAGS = "-fno-objc-arc"; }; };
		1892E6AA18478152009A3255 /* FMDatabasePool.m in Sources */ = {isa = PBXBuildFile; fileRef = 1892E6A218478152009A3255 /* FMDatabasePool.m */; settings = {COMPILER_FLAGS = "-fno-objc-arc"; }; };
		1892E6AB18478152009A3255 /* FMDatabaseQueue.m in Sources */ = {isa = PBXBuildFile; fileRef = 1892E6A418478152009A3255 /* FMDatabaseQueue.m */; settings = {COMPILER_FLAGS = "-fno-objc-arc"; }; };
		1892E6AD18478152009A3255 /* FMResultSet.m in Sources */ = {isa = PBXBuildFile; fileRef = 1892E6A718478152009A3255 /* FMResultSet.m */; settings = {COMPILER_FLAGS = "-fno-objc-arc"; }; };
		18C274B318057A1E0051F64C /* four_down.png in Resources */ = {isa = PBXBuildFile; fileRef = 18C274AA18057A1E0051F64C /* four_down.png */; };
		18C274B418057A1E0051F64C /* four_left_down.png in Resources */ = {isa = PBXBuildFile; fileRef = 18C274AB18057A1E0051F64C /* four_left_down.png */; };
		18C274B518057A1E0051F64C /* four_left_up.png in Resources */ = {isa = PBXBuildFile; fileRef = 18C274AC18057A1E0051F64C /* four_left_up.png */; };
		18C274B618057A1E0051F64C /* four_left.png in Resources */ = {isa = PBXBuildFile; fileRef = 18C274AD18057A1E0051F64C /* four_left.png */; };
		18C274B718057A1E0051F64C /* four_right_down.png in Resources */ = {isa = PBXBuildFile; fileRef = 18C274AE18057A1E0051F64C /* four_right_down.png */; };
		18C274B818057A1E0051F64C /* four_right_up.png in Resources */ = {isa = PBXBuildFile; fileRef = 18C274AF18057A1E0051F64C /* four_right_up.png */; };
		18C274B918057A1E0051F64C /* four_right.png in Resources */ = {isa = PBXBuildFile; fileRef = 18C274B018057A1E0051F64C /* four_right.png */; };
		18C274BA18057A1E0051F64C /* four_up.png in Resources */ = {isa = PBXBuildFile; fileRef = 18C274B118057A1E0051F64C /* four_up.png */; };
		18C274BB18057A1E0051F64C /* four.png in Resources */ = {isa = PBXBuildFile; fileRef = 18C274B218057A1E0051F64C /* four.png */; };
		18C274BE18057A4F0051F64C /* FourKeyButton.m in Sources */ = {isa = PBXBuildFile; fileRef = 18C274BD18057A4F0051F64C /* FourKeyButton.m */; };
		18C7AD8C1802BFEC00F62819 /* Foundation.framework in Frameworks */ = {isa = PBXBuildFile; fileRef = 18C7AD8B1802BFEC00F62819 /* Foundation.framework */; };
		18C7AD8E1802BFEC00F62819 /* CoreGraphics.framework in Frameworks */ = {isa = PBXBuildFile; fileRef = 18C7AD8D1802BFEC00F62819 /* CoreGraphics.framework */; };
		18C7AD901802BFEC00F62819 /* UIKit.framework in Frameworks */ = {isa = PBXBuildFile; fileRef = 18C7AD8F1802BFEC00F62819 /* UIKit.framework */; };
		18C7AD961802BFEC00F62819 /* InfoPlist.strings in Resources */ = {isa = PBXBuildFile; fileRef = 18C7AD941802BFEC00F62819 /* InfoPlist.strings */; };
		18C7AD981802BFEC00F62819 /* main.m in Sources */ = {isa = PBXBuildFile; fileRef = 18C7AD971802BFEC00F62819 /* main.m */; };
		18C7AD9C1802BFEC00F62819 /* AppDelegate.m in Sources */ = {isa = PBXBuildFile; fileRef = 18C7AD9B1802BFEC00F62819 /* AppDelegate.m */; };
		18C7AD9F1802BFEC00F62819 /* Main.storyboard in Resources */ = {isa = PBXBuildFile; fileRef = 18C7AD9D1802BFEC00F62819 /* Main.storyboard */; };
		18C7ADA21802BFEC00F62819 /* ViewController.m in Sources */ = {isa = PBXBuildFile; fileRef = 18C7ADA11802BFEC00F62819 /* ViewController.m */; };
		18C7ADA41802BFEC00F62819 /* Images.xcassets in Resources */ = {isa = PBXBuildFile; fileRef = 18C7ADA31802BFEC00F62819 /* Images.xcassets */; };
		18C7ADAB1802BFEC00F62819 /* XCTest.framework in Frameworks */ = {isa = PBXBuildFile; fileRef = 18C7ADAA1802BFEC00F62819 /* XCTest.framework */; };
		18C7ADAC1802BFEC00F62819 /* Foundation.framework in Frameworks */ = {isa = PBXBuildFile; fileRef = 18C7AD8B1802BFEC00F62819 /* Foundation.framework */; };
		18C7ADAD1802BFEC00F62819 /* UIKit.framework in Frameworks */ = {isa = PBXBuildFile; fileRef = 18C7AD8F1802BFEC00F62819 /* UIKit.framework */; };
		18C7ADB51802BFEC00F62819 /* InfoPlist.strings in Resources */ = {isa = PBXBuildFile; fileRef = 18C7ADB31802BFEC00F62819 /* InfoPlist.strings */; };
		18C7ADB71802BFEC00F62819 /* light_controllerTests.m in Sources */ = {isa = PBXBuildFile; fileRef = 18C7ADB61802BFEC00F62819 /* light_controllerTests.m */; };
		18C7ADC21802CA2500F62819 /* Constant.m in Sources */ = {isa = PBXBuildFile; fileRef = 18C7ADC11802CA2500F62819 /* Constant.m */; };
		18C7ADCC1802CC7300F62819 /* Page2.m in Sources */ = {isa = PBXBuildFile; fileRef = 18C7ADCA1802CC7300F62819 /* Page2.m */; };
		18CF26E11806CAC100F1053F /* center_w.png in Resources */ = {isa = PBXBuildFile; fileRef = 18CF26DF1806CAC100F1053F /* center_w.png */; };
		18CF26E51806DDF400F1053F /* CircleButton.m in Sources */ = {isa = PBXBuildFile; fileRef = 18CF26E41806DDF400F1053F /* CircleButton.m */; };
		18CF26E71806EB6500F1053F /* small_circle.png in Resources */ = {isa = PBXBuildFile; fileRef = 18CF26E61806EB6500F1053F /* small_circle.png */; };
		18CF26EC1806FC4700F1053F /* center_b.png in Resources */ = {isa = PBXBuildFile; fileRef = 18CF26E81806FC4700F1053F /* center_b.png */; };
		18CF26ED1806FC4700F1053F /* center_g.png in Resources */ = {isa = PBXBuildFile; fileRef = 18CF26E91806FC4700F1053F /* center_g.png */; };
		18CF26EE1806FC4700F1053F /* center_r.png in Resources */ = {isa = PBXBuildFile; fileRef = 18CF26EA1806FC4700F1053F /* center_r.png */; };
		18CF26EF1806FC4700F1053F /* center_rpg.png in Resources */ = {isa = PBXBuildFile; fileRef = 18CF26EB1806FC4700F1053F /* center_rpg.png */; };
		18CF26F1180700DD00F1053F /* circle_back2.png in Resources */ = {isa = PBXBuildFile; fileRef = 18CF26F0180700DD00F1053F /* circle_back2.png */; };
		18CFBFAF18098C21001511D7 /* CFNetwork.framework in Frameworks */ = {isa = PBXBuildFile; fileRef = 18CFBFAE18098C21001511D7 /* CFNetwork.framework */; };
		18CFBFB418099820001511D7 /* SVProgressHUD.bundle in Resources */ = {isa = PBXBuildFile; fileRef = 18CFBFB118099820001511D7 /* SVProgressHUD.bundle */; };
		18CFBFB518099820001511D7 /* SVProgressHUD.m in Sources */ = {isa = PBXBuildFile; fileRef = 18CFBFB318099820001511D7 /* SVProgressHUD.m */; };
		18CFBFB818099CAD001511D7 /* AsyncSocket.m in Sources */ = {isa = PBXBuildFile; fileRef = 18CFBFB718099CAD001511D7 /* AsyncSocket.m */; settings = {COMPILER_FLAGS = "-fno-objc-arc"; }; };
		18D79E611802FE7500644EC1 /* Page1.m in Sources */ = {isa = PBXBuildFile; fileRef = 18D79E5F1802FE7500644EC1 /* Page1.m */; };
		18D79E6A180301EC00644EC1 /* Page3.m in Sources */ = {isa = PBXBuildFile; fileRef = 18D79E69180301EC00644EC1 /* Page3.m */; };
		18D9F71F180A33AF009B0CF0 /* Protocol.m in Sources */ = {isa = PBXBuildFile; fileRef = 18D9F71E180A33AF009B0CF0 /* Protocol.m */; };
		18EBCBEB1805A7FB005ED434 /* btn_off1.png in Resources */ = {isa = PBXBuildFile; fileRef = 18EBCBE51805A7FB005ED434 /* btn_off1.png */; };
		18EBCBEC1805A7FB005ED434 /* btn_off2.png in Resources */ = {isa = PBXBuildFile; fileRef = 18EBCBE61805A7FB005ED434 /* btn_off2.png */; };
		18EBCBED1805A7FB005ED434 /* btn_off3.png in Resources */ = {isa = PBXBuildFile; fileRef = 18EBCBE71805A7FB005ED434 /* btn_off3.png */; };
		18EBCBEE1805A7FB005ED434 /* btn_on1.png in Resources */ = {isa = PBXBuildFile; fileRef = 18EBCBE81805A7FB005ED434 /* btn_on1.png */; };
		18EBCBEF1805A7FB005ED434 /* btn_on2.png in Resources */ = {isa = PBXBuildFile; fileRef = 18EBCBE91805A7FB005ED434 /* btn_on2.png */; };
		18EBCBF01805A7FB005ED434 /* btn_on3.png in Resources */ = {isa = PBXBuildFile; fileRef = 18EBCBEA1805A7FB005ED434 /* btn_on3.png */; };
		18EBCBF31805A886005ED434 /* btn_off4.png in Resources */ = {isa = PBXBuildFile; fileRef = 18EBCBF11805A886005ED434 /* btn_off4.png */; };
		18EBCBF41805A886005ED434 /* btn_on4.png in Resources */ = {isa = PBXBuildFile; fileRef = 18EBCBF21805A886005ED434 /* btn_on4.png */; };
		18EBCBFD1805AEAD005ED434 /* alarm.png in Resources */ = {isa = PBXBuildFile; fileRef = 18EBCBF51805AEAD005ED434 /* alarm.png */; };
		18EBCBFE1805AEAD005ED434 /* meeting.png in Resources */ = {isa = PBXBuildFile; fileRef = 18EBCBF61805AEAD005ED434 /* meeting.png */; };
		18EBCBFF1805AEAD005ED434 /* mode.png in Resources */ = {isa = PBXBuildFile; fileRef = 18EBCBF71805AEAD005ED434 /* mode.png */; };
		18EBCC001805AEAD005ED434 /* night.png in Resources */ = {isa = PBXBuildFile; fileRef = 18EBCBF81805AEAD005ED434 /* night.png */; };
		18EBCC011805AEAD005ED434 /* reading.png in Resources */ = {isa = PBXBuildFile; fileRef = 18EBCBF91805AEAD005ED434 /* reading.png */; };
		18EBCC021805AEAD005ED434 /* recreation.png in Resources */ = {isa = PBXBuildFile; fileRef = 18EBCBFA1805AEAD005ED434 /* recreation.png */; };
		18EBCC031805AEAD005ED434 /* sleep.png in Resources */ = {isa = PBXBuildFile; fileRef = 18EBCBFB1805AEAD005ED434 /* sleep.png */; };
		18EBCC041805AEAD005ED434 /* timer.png in Resources */ = {isa = PBXBuildFile; fileRef = 18EBCBFC1805AEAD005ED434 /* timer.png */; };
		18EBCC061805B304005ED434 /* icon.png in Resources */ = {isa = PBXBuildFile; fileRef = 18EBCC051805B304005ED434 /* icon.png */; };
		18EECBA5186683D8008FEBD8 /* toolbar_btn_s.png in Resources */ = {isa = PBXBuildFile; fileRef = 18EECBA3186683D8008FEBD8 /* toolbar_btn_s.png */; };
		18EECBA6186683D8008FEBD8 /* toolbar_btn.png in Resources */ = {isa = PBXBuildFile; fileRef = 18EECBA4186683D8008FEBD8 /* toolbar_btn.png */; };
		18F35720184B306D00A59765 /* CustomAlertView.m in Sources */ = {isa = PBXBuildFile; fileRef = 18F3571F184B306D00A59765 /* CustomAlertView.m */; };
		18F35724184B6A4000A59765 /* OtherTool.m in Sources */ = {isa = PBXBuildFile; fileRef = 18F35723184B6A4000A59765 /* OtherTool.m */; };
		18F981131804361600FFE3A4 /* back.png in Resources */ = {isa = PBXBuildFile; fileRef = 18F981121804361600FFE3A4 /* back.png */; };
		18F981241804510D00FFE3A4 /* TwoKeyButton.m in Sources */ = {isa = PBXBuildFile; fileRef = 18F981231804510D00FFE3A4 /* TwoKeyButton.m */; };
		18FC728C18083F360027B05E /* off.png in Resources */ = {isa = PBXBuildFile; fileRef = 18FC728A18083F360027B05E /* off.png */; };
		18FC728D18083F360027B05E /* on.png in Resources */ = {isa = PBXBuildFile; fileRef = 18FC728B18083F360027B05E /* on.png */; };
		18FC7290180840BE0027B05E /* bright_down.png in Resources */ = {isa = PBXBuildFile; fileRef = 18FC728E180840BE0027B05E /* bright_down.png */; };
		18FC7291180840BE0027B05E /* bright_up.png in Resources */ = {isa = PBXBuildFile; fileRef = 18FC728F180840BE0027B05E /* bright_up.png */; };
		18FC72941808440D0027B05E /* PageSetting.m in Sources */ = {isa = PBXBuildFile; fileRef = 18FC72931808440D0027B05E /* PageSetting.m */; };
		18FC7296180857100027B05E /* libicucore.dylib in Frameworks */ = {isa = PBXBuildFile; fileRef = 18FC7295180857100027B05E /* libicucore.dylib */; };
		18FC729E1808578B0027B05E /* RegexKitLite.m in Sources */ = {isa = PBXBuildFile; fileRef = 18FC729D1808578B0027B05E /* RegexKitLite.m */; settings = {COMPILER_FLAGS = "-fno-objc-arc"; }; };
/* End PBXBuildFile section */

/* Begin PBXContainerItemProxy section */
		18C7ADAE1802BFEC00F62819 /* PBXContainerItemProxy */ = {
			isa = PBXContainerItemProxy;
			containerPortal = 18C7AD801802BFEB00F62819 /* Project object */;
			proxyType = 1;
			remoteGlobalIDString = 18C7AD871802BFEC00F62819;
			remoteInfo = light_controller;
		};
/* End PBXContainerItemProxy section */

/* Begin PBXFileReference section */
		1853DF7118437D0F00C1FDC9 /* Base */ = {isa = PBXFileReference; lastKnownFileType = text.plist.strings; name = Base; path = Base.lproj/InfoPlist.strings; sourceTree = "<group>"; };
		1853DF7218437DA200C1FDC9 /* ru */ = {isa = PBXFileReference; lastKnownFileType = text.plist.strings; name = ru; path = ru.lproj/InfoPlist.strings; sourceTree = "<group>"; };
		1853DF7318437DA200C1FDC9 /* ru */ = {isa = PBXFileReference; lastKnownFileType = text.plist.strings; name = ru; path = ru.lproj/InfoPlist.strings; sourceTree = "<group>"; };
		1853DF7518437E8E00C1FDC9 /* Base */ = {isa = PBXFileReference; lastKnownFileType = text.plist.strings; name = Base; path = Base.lproj/mystring.strings; sourceTree = "<group>"; };
		1853DF7718437E9700C1FDC9 /* en */ = {isa = PBXFileReference; lastKnownFileType = text.plist.strings; name = en; path = en.lproj/mystring.strings; sourceTree = "<group>"; };
		1853DF7818437E9900C1FDC9 /* ru */ = {isa = PBXFileReference; lastKnownFileType = text.plist.strings; name = ru; path = ru.lproj/mystring.strings; sourceTree = "<group>"; };
		1864335E184CD0430054F519 /* title_bar.png */ = {isa = PBXFileReference; lastKnownFileType = image.png; path = title_bar.png; sourceTree = "<group>"; };
		188655521809A47D00035915 /* UserInfo.h */ = {isa = PBXFileReference; fileEncoding = 4; lastKnownFileType = sourcecode.c.h; path = UserInfo.h; sourceTree = "<group>"; };
		188655531809A47D00035915 /* UserInfo.m */ = {isa = PBXFileReference; fileEncoding = 4; lastKnownFileType = sourcecode.c.objc; path = UserInfo.m; sourceTree = "<group>"; };
		1892E68E18477037009A3255 /* SettingList.h */ = {isa = PBXFileReference; fileEncoding = 4; lastKnownFileType = sourcecode.c.h; path = SettingList.h; sourceTree = "<group>"; };
		1892E68F18477037009A3255 /* SettingList.m */ = {isa = PBXFileReference; fileEncoding = 4; lastKnownFileType = sourcecode.c.objc; path = SettingList.m; sourceTree = "<group>"; };
		1892E691184774EE009A3255 /* CustomCell.xib */ = {isa = PBXFileReference; fileEncoding = 4; lastKnownFileType = file.xib; path = CustomCell.xib; sourceTree = "<group>"; };
		1892E69318477527009A3255 /* CustomCell.h */ = {isa = PBXFileReference; fileEncoding = 4; lastKnownFileType = sourcecode.c.h; path = CustomCell.h; sourceTree = "<group>"; };
		1892E69418477527009A3255 /* CustomCell.m */ = {isa = PBXFileReference; fileEncoding = 4; lastKnownFileType = sourcecode.c.objc; path = CustomCell.m; sourceTree = "<group>"; };
		1892E69618477D45009A3255 /* libsqlite3.0.dylib */ = {isa = PBXFileReference; lastKnownFileType = "compiled.mach-o.dylib"; name = libsqlite3.0.dylib; path = usr/lib/libsqlite3.0.dylib; sourceTree = SDKROOT; };
		1892E69918477E18009A3255 /* SqlHelper.h */ = {isa = PBXFileReference; fileEncoding = 4; lastKnownFileType = sourcecode.c.h; path = SqlHelper.h; sourceTree = "<group>"; };
		1892E69A18477E18009A3255 /* SqlHelper.m */ = {isa = PBXFileReference; fileEncoding = 4; lastKnownFileType = sourcecode.c.objc; path = SqlHelper.m; sourceTree = "<group>"; };
		1892E69D18478152009A3255 /* FMDatabase.h */ = {isa = PBXFileReference; fileEncoding = 4; lastKnownFileType = sourcecode.c.h; path = FMDatabase.h; sourceTree = "<group>"; };
		1892E69E18478152009A3255 /* FMDatabase.m */ = {isa = PBXFileReference; fileEncoding = 4; lastKnownFileType = sourcecode.c.objc; path = FMDatabase.m; sourceTree = "<group>"; };
		1892E69F18478152009A3255 /* FMDatabaseAdditions.h */ = {isa = PBXFileReference; fileEncoding = 4; lastKnownFileType = sourcecode.c.h; path = FMDatabaseAdditions.h; sourceTree = "<group>"; };
		1892E6A018478152009A3255 /* FMDatabaseAdditions.m */ = {isa = PBXFileReference; fileEncoding = 4; lastKnownFileType = sourcecode.c.objc; path = FMDatabaseAdditions.m; sourceTree = "<group>"; };
		1892E6A118478152009A3255 /* FMDatabasePool.h */ = {isa = PBXFileReference; fileEncoding = 4; lastKnownFileType = sourcecode.c.h; path = FMDatabasePool.h; sourceTree = "<group>"; };
		1892E6A218478152009A3255 /* FMDatabasePool.m */ = {isa = PBXFileReference; fileEncoding = 4; lastKnownFileType = sourcecode.c.objc; path = FMDatabasePool.m; sourceTree = "<group>"; };
		1892E6A318478152009A3255 /* FMDatabaseQueue.h */ = {isa = PBXFileReference; fileEncoding = 4; lastKnownFileType = sourcecode.c.h; path = FMDatabaseQueue.h; sourceTree = "<group>"; };
		1892E6A418478152009A3255 /* FMDatabaseQueue.m */ = {isa = PBXFileReference; fileEncoding = 4; lastKnownFileType = sourcecode.c.objc; path = FMDatabaseQueue.m; sourceTree = "<group>"; };
		1892E6A618478152009A3255 /* FMResultSet.h */ = {isa = PBXFileReference; fileEncoding = 4; lastKnownFileType = sourcecode.c.h; path = FMResultSet.h; sourceTree = "<group>"; };
		1892E6A718478152009A3255 /* FMResultSet.m */ = {isa = PBXFileReference; fileEncoding = 4; lastKnownFileType = sourcecode.c.objc; path = FMResultSet.m; sourceTree = "<group>"; };
		18C274AA18057A1E0051F64C /* four_down.png */ = {isa = PBXFileReference; lastKnownFileType = image.png; path = four_down.png; sourceTree = "<group>"; };
		18C274AB18057A1E0051F64C /* four_left_down.png */ = {isa = PBXFileReference; lastKnownFileType = image.png; path = four_left_down.png; sourceTree = "<group>"; };
		18C274AC18057A1E0051F64C /* four_left_up.png */ = {isa = PBXFileReference; lastKnownFileType = image.png; path = four_left_up.png; sourceTree = "<group>"; };
		18C274AD18057A1E0051F64C /* four_left.png */ = {isa = PBXFileReference; lastKnownFileType = image.png; path = four_left.png; sourceTree = "<group>"; };
		18C274AE18057A1E0051F64C /* four_right_down.png */ = {isa = PBXFileReference; lastKnownFileType = image.png; path = four_right_down.png; sourceTree = "<group>"; };
		18C274AF18057A1E0051F64C /* four_right_up.png */ = {isa = PBXFileReference; lastKnownFileType = image.png; path = four_right_up.png; sourceTree = "<group>"; };
		18C274B018057A1E0051F64C /* four_right.png */ = {isa = PBXFileReference; lastKnownFileType = image.png; path = four_right.png; sourceTree = "<group>"; };
		18C274B118057A1E0051F64C /* four_up.png */ = {isa = PBXFileReference; lastKnownFileType = image.png; path = four_up.png; sourceTree = "<group>"; };
		18C274B218057A1E0051F64C /* four.png */ = {isa = PBXFileReference; lastKnownFileType = image.png; path = four.png; sourceTree = "<group>"; };
		18C274BC18057A4F0051F64C /* FourKeyButton.h */ = {isa = PBXFileReference; fileEncoding = 4; lastKnownFileType = sourcecode.c.h; path = FourKeyButton.h; sourceTree = "<group>"; };
		18C274BD18057A4F0051F64C /* FourKeyButton.m */ = {isa = PBXFileReference; fileEncoding = 4; lastKnownFileType = sourcecode.c.objc; path = FourKeyButton.m; sourceTree = "<group>"; };
		18C7AD881802BFEC00F62819 /* 灯光中控.app */ = {isa = PBXFileReference; explicitFileType = wrapper.application; includeInIndex = 0; path = "灯光中控.app"; sourceTree = BUILT_PRODUCTS_DIR; };
		18C7AD8B1802BFEC00F62819 /* Foundation.framework */ = {isa = PBXFileReference; lastKnownFileType = wrapper.framework; name = Foundation.framework; path = System/Library/Frameworks/Foundation.framework; sourceTree = SDKROOT; };
		18C7AD8D1802BFEC00F62819 /* CoreGraphics.framework */ = {isa = PBXFileReference; lastKnownFileType = wrapper.framework; name = CoreGraphics.framework; path = System/Library/Frameworks/CoreGraphics.framework; sourceTree = SDKROOT; };
		18C7AD8F1802BFEC00F62819 /* UIKit.framework */ = {isa = PBXFileReference; lastKnownFileType = wrapper.framework; name = UIKit.framework; path = System/Library/Frameworks/UIKit.framework; sourceTree = SDKROOT; };
		18C7AD931802BFEC00F62819 /* light_controller-Info.plist */ = {isa = PBXFileReference; lastKnownFileType = text.plist.xml; path = "light_controller-Info.plist"; sourceTree = "<group>"; };
		18C7AD951802BFEC00F62819 /* en */ = {isa = PBXFileReference; lastKnownFileType = text.plist.strings; name = en; path = en.lproj/InfoPlist.strings; sourceTree = "<group>"; };
		18C7AD971802BFEC00F62819 /* main.m */ = {isa = PBXFileReference; lastKnownFileType = sourcecode.c.objc; path = main.m; sourceTree = "<group>"; };
		18C7AD991802BFEC00F62819 /* light_controller-Prefix.pch */ = {isa = PBXFileReference; lastKnownFileType = sourcecode.c.h; path = "light_controller-Prefix.pch"; sourceTree = "<group>"; };
		18C7AD9A1802BFEC00F62819 /* AppDelegate.h */ = {isa = PBXFileReference; lastKnownFileType = sourcecode.c.h; path = AppDelegate.h; sourceTree = "<group>"; };
		18C7AD9B1802BFEC00F62819 /* AppDelegate.m */ = {isa = PBXFileReference; lastKnownFileType = sourcecode.c.objc; path = AppDelegate.m; sourceTree = "<group>"; };
		18C7AD9E1802BFEC00F62819 /* Base */ = {isa = PBXFileReference; lastKnownFileType = file.storyboard; name = Base; path = Base.lproj/Main.storyboard; sourceTree = "<group>"; };
		18C7ADA01802BFEC00F62819 /* ViewController.h */ = {isa = PBXFileReference; lastKnownFileType = sourcecode.c.h; path = ViewController.h; sourceTree = "<group>"; };
		18C7ADA11802BFEC00F62819 /* ViewController.m */ = {isa = PBXFileReference; lastKnownFileType = sourcecode.c.objc; path = ViewController.m; sourceTree = "<group>"; };
		18C7ADA31802BFEC00F62819 /* Images.xcassets */ = {isa = PBXFileReference; lastKnownFileType = folder.assetcatalog; path = Images.xcassets; sourceTree = "<group>"; };
		18C7ADA91802BFEC00F62819 /* light_controllerTests.xctest */ = {isa = PBXFileReference; explicitFileType = wrapper.cfbundle; includeInIndex = 0; path = light_controllerTests.xctest; sourceTree = BUILT_PRODUCTS_DIR; };
		18C7ADAA1802BFEC00F62819 /* XCTest.framework */ = {isa = PBXFileReference; lastKnownFileType = wrapper.framework; name = XCTest.framework; path = Library/Frameworks/XCTest.framework; sourceTree = DEVELOPER_DIR; };
		18C7ADB21802BFEC00F62819 /* light_controllerTests-Info.plist */ = {isa = PBXFileReference; lastKnownFileType = text.plist.xml; path = "light_controllerTests-Info.plist"; sourceTree = "<group>"; };
		18C7ADB41802BFEC00F62819 /* en */ = {isa = PBXFileReference; lastKnownFileType = text.plist.strings; name = en; path = en.lproj/InfoPlist.strings; sourceTree = "<group>"; };
		18C7ADB61802BFEC00F62819 /* light_controllerTests.m */ = {isa = PBXFileReference; lastKnownFileType = sourcecode.c.objc; path = light_controllerTests.m; sourceTree = "<group>"; };
		18C7ADC01802CA2500F62819 /* Constant.h */ = {isa = PBXFileReference; fileEncoding = 4; lastKnownFileType = sourcecode.c.h; path = Constant.h; sourceTree = "<group>"; };
		18C7ADC11802CA2500F62819 /* Constant.m */ = {isa = PBXFileReference; fileEncoding = 4; lastKnownFileType = sourcecode.c.objc; path = Constant.m; sourceTree = "<group>"; };
		18C7ADC91802CC7300F62819 /* Page2.h */ = {isa = PBXFileReference; fileEncoding = 4; lastKnownFileType = sourcecode.c.h; path = Page2.h; sourceTree = "<group>"; };
		18C7ADCA1802CC7300F62819 /* Page2.m */ = {isa = PBXFileReference; fileEncoding = 4; lastKnownFileType = sourcecode.c.objc; path = Page2.m; sourceTree = "<group>"; };
		18CF26DF1806CAC100F1053F /* center_w.png */ = {isa = PBXFileReference; lastKnownFileType = image.png; path = center_w.png; sourceTree = "<group>"; };
		18CF26E31806DDF400F1053F /* CircleButton.h */ = {isa = PBXFileReference; fileEncoding = 4; lastKnownFileType = sourcecode.c.h; path = CircleButton.h; sourceTree = "<group>"; };
		18CF26E41806DDF400F1053F /* CircleButton.m */ = {isa = PBXFileReference; fileEncoding = 4; lastKnownFileType = sourcecode.c.objc; path = CircleButton.m; sourceTree = "<group>"; };
		18CF26E61806EB6500F1053F /* small_circle.png */ = {isa = PBXFileReference; lastKnownFileType = image.png; path = small_circle.png; sourceTree = "<group>"; };
		18CF26E81806FC4700F1053F /* center_b.png */ = {isa = PBXFileReference; lastKnownFileType = image.png; path = center_b.png; sourceTree = "<group>"; };
		18CF26E91806FC4700F1053F /* center_g.png */ = {isa = PBXFileReference; lastKnownFileType = image.png; path = center_g.png; sourceTree = "<group>"; };
		18CF26EA1806FC4700F1053F /* center_r.png */ = {isa = PBXFileReference; lastKnownFileType = image.png; path = center_r.png; sourceTree = "<group>"; };
		18CF26EB1806FC4700F1053F /* center_rpg.png */ = {isa = PBXFileReference; lastKnownFileType = image.png; path = center_rpg.png; sourceTree = "<group>"; };
		18CF26F0180700DD00F1053F /* circle_back2.png */ = {isa = PBXFileReference; lastKnownFileType = image.png; path = circle_back2.png; sourceTree = "<group>"; };
		18CFBFAE18098C21001511D7 /* CFNetwork.framework */ = {isa = PBXFileReference; lastKnownFileType = wrapper.framework; name = CFNetwork.framework; path = System/Library/Frameworks/CFNetwork.framework; sourceTree = SDKROOT; };
		18CFBFB118099820001511D7 /* SVProgressHUD.bundle */ = {isa = PBXFileReference; lastKnownFileType = "wrapper.plug-in"; path = SVProgressHUD.bundle; sourceTree = "<group>"; };
		18CFBFB218099820001511D7 /* SVProgressHUD.h */ = {isa = PBXFileReference; fileEncoding = 4; lastKnownFileType = sourcecode.c.h; path = SVProgressHUD.h; sourceTree = "<group>"; };
		18CFBFB318099820001511D7 /* SVProgressHUD.m */ = {isa = PBXFileReference; fileEncoding = 4; lastKnownFileType = sourcecode.c.objc; path = SVProgressHUD.m; sourceTree = "<group>"; };
		18CFBFB618099CAD001511D7 /* AsyncSocket.h */ = {isa = PBXFileReference; fileEncoding = 4; lastKnownFileType = sourcecode.c.h; path = AsyncSocket.h; sourceTree = "<group>"; };
		18CFBFB718099CAD001511D7 /* AsyncSocket.m */ = {isa = PBXFileReference; fileEncoding = 4; lastKnownFileType = sourcecode.c.objc; path = AsyncSocket.m; sourceTree = "<group>"; };
		18D79E5E1802FE7500644EC1 /* Page1.h */ = {isa = PBXFileReference; fileEncoding = 4; lastKnownFileType = sourcecode.c.h; path = Page1.h; sourceTree = "<group>"; };
		18D79E5F1802FE7500644EC1 /* Page1.m */ = {isa = PBXFileReference; fileEncoding = 4; lastKnownFileType = sourcecode.c.objc; path = Page1.m; sourceTree = "<group>"; };
		18D79E68180301EC00644EC1 /* Page3.h */ = {isa = PBXFileReference; fileEncoding = 4; lastKnownFileType = sourcecode.c.h; path = Page3.h; sourceTree = "<group>"; };
		18D79E69180301EC00644EC1 /* Page3.m */ = {isa = PBXFileReference; fileEncoding = 4; lastKnownFileType = sourcecode.c.objc; path = Page3.m; sourceTree = "<group>"; };
		18D9F71D180A33AF009B0CF0 /* Protocol.h */ = {isa = PBXFileReference; fileEncoding = 4; lastKnownFileType = sourcecode.c.h; path = Protocol.h; sourceTree = "<group>"; };
		18D9F71E180A33AF009B0CF0 /* Protocol.m */ = {isa = PBXFileReference; fileEncoding = 4; lastKnownFileType = sourcecode.c.objc; path = Protocol.m; sourceTree = "<group>"; };
		18EBCBE51805A7FB005ED434 /* btn_off1.png */ = {isa = PBXFileReference; lastKnownFileType = image.png; path = btn_off1.png; sourceTree = "<group>"; };
		18EBCBE61805A7FB005ED434 /* btn_off2.png */ = {isa = PBXFileReference; lastKnownFileType = image.png; path = btn_off2.png; sourceTree = "<group>"; };
		18EBCBE71805A7FB005ED434 /* btn_off3.png */ = {isa = PBXFileReference; lastKnownFileType = image.png; path = btn_off3.png; sourceTree = "<group>"; };
		18EBCBE81805A7FB005ED434 /* btn_on1.png */ = {isa = PBXFileReference; lastKnownFileType = image.png; path = btn_on1.png; sourceTree = "<group>"; };
		18EBCBE91805A7FB005ED434 /* btn_on2.png */ = {isa = PBXFileReference; lastKnownFileType = image.png; path = btn_on2.png; sourceTree = "<group>"; };
		18EBCBEA1805A7FB005ED434 /* btn_on3.png */ = {isa = PBXFileReference; lastKnownFileType = image.png; path = btn_on3.png; sourceTree = "<group>"; };
		18EBCBF11805A886005ED434 /* btn_off4.png */ = {isa = PBXFileReference; lastKnownFileType = image.png; path = btn_off4.png; sourceTree = "<group>"; };
		18EBCBF21805A886005ED434 /* btn_on4.png */ = {isa = PBXFileReference; lastKnownFileType = image.png; path = btn_on4.png; sourceTree = "<group>"; };
		18EBCBF51805AEAD005ED434 /* alarm.png */ = {isa = PBXFileReference; lastKnownFileType = image.png; path = alarm.png; sourceTree = "<group>"; };
		18EBCBF61805AEAD005ED434 /* meeting.png */ = {isa = PBXFileReference; lastKnownFileType = image.png; path = meeting.png; sourceTree = "<group>"; };
		18EBCBF71805AEAD005ED434 /* mode.png */ = {isa = PBXFileReference; lastKnownFileType = image.png; path = mode.png; sourceTree = "<group>"; };
		18EBCBF81805AEAD005ED434 /* night.png */ = {isa = PBXFileReference; lastKnownFileType = image.png; path = night.png; sourceTree = "<group>"; };
		18EBCBF91805AEAD005ED434 /* reading.png */ = {isa = PBXFileReference; lastKnownFileType = image.png; path = reading.png; sourceTree = "<group>"; };
		18EBCBFA1805AEAD005ED434 /* recreation.png */ = {isa = PBXFileReference; lastKnownFileType = image.png; path = recreation.png; sourceTree = "<group>"; };
		18EBCBFB1805AEAD005ED434 /* sleep.png */ = {isa = PBXFileReference; lastKnownFileType = image.png; path = sleep.png; sourceTree = "<group>"; };
		18EBCBFC1805AEAD005ED434 /* timer.png */ = {isa = PBXFileReference; lastKnownFileType = image.png; path = timer.png; sourceTree = "<group>"; };
		18EBCC051805B304005ED434 /* icon.png */ = {isa = PBXFileReference; lastKnownFileType = image.png; path = icon.png; sourceTree = "<group>"; };
		18EECBA3186683D8008FEBD8 /* toolbar_btn_s.png */ = {isa = PBXFileReference; lastKnownFileType = image.png; path = toolbar_btn_s.png; sourceTree = "<group>"; };
		18EECBA4186683D8008FEBD8 /* toolbar_btn.png */ = {isa = PBXFileReference; lastKnownFileType = image.png; path = toolbar_btn.png; sourceTree = "<group>"; };
		18F3571E184B306D00A59765 /* CustomAlertView.h */ = {isa = PBXFileReference; fileEncoding = 4; lastKnownFileType = sourcecode.c.h; path = CustomAlertView.h; sourceTree = "<group>"; };
		18F3571F184B306D00A59765 /* CustomAlertView.m */ = {isa = PBXFileReference; fileEncoding = 4; lastKnownFileType = sourcecode.c.objc; path = CustomAlertView.m; sourceTree = "<group>"; };
		18F35722184B6A4000A59765 /* OtherTool.h */ = {isa = PBXFileReference; fileEncoding = 4; lastKnownFileType = sourcecode.c.h; path = OtherTool.h; sourceTree = "<group>"; };
		18F35723184B6A4000A59765 /* OtherTool.m */ = {isa = PBXFileReference; fileEncoding = 4; lastKnownFileType = sourcecode.c.objc; path = OtherTool.m; sourceTree = "<group>"; };
		18F981121804361600FFE3A4 /* back.png */ = {isa = PBXFileReference; lastKnownFileType = image.png; path = back.png; sourceTree = "<group>"; };
		18F981221804510D00FFE3A4 /* TwoKeyButton.h */ = {isa = PBXFileReference; fileEncoding = 4; lastKnownFileType = sourcecode.c.h; path = TwoKeyButton.h; sourceTree = "<group>"; };
		18F981231804510D00FFE3A4 /* TwoKeyButton.m */ = {isa = PBXFileReference; fileEncoding = 4; lastKnownFileType = sourcecode.c.objc; path = TwoKeyButton.m; sourceTree = "<group>"; };
		18FC728A18083F360027B05E /* off.png */ = {isa = PBXFileReference; lastKnownFileType = image.png; path = off.png; sourceTree = "<group>"; };
		18FC728B18083F360027B05E /* on.png */ = {isa = PBXFileReference; lastKnownFileType = image.png; path = on.png; sourceTree = "<group>"; };
		18FC728E180840BE0027B05E /* bright_down.png */ = {isa = PBXFileReference; lastKnownFileType = image.png; path = bright_down.png; sourceTree = "<group>"; };
		18FC728F180840BE0027B05E /* bright_up.png */ = {isa = PBXFileReference; lastKnownFileType = image.png; path = bright_up.png; sourceTree = "<group>"; };
		18FC72921808440D0027B05E /* PageSetting.h */ = {isa = PBXFileReference; fileEncoding = 4; lastKnownFileType = sourcecode.c.h; path = PageSetting.h; sourceTree = "<group>"; };
		18FC72931808440D0027B05E /* PageSetting.m */ = {isa = PBXFileReference; fileEncoding = 4; lastKnownFileType = sourcecode.c.objc; path = PageSetting.m; sourceTree = "<group>"; };
		18FC7295180857100027B05E /* libicucore.dylib */ = {isa = PBXFileReference; lastKnownFileType = "compiled.mach-o.dylib"; name = libicucore.dylib; path = usr/lib/libicucore.dylib; sourceTree = SDKROOT; };
		18FC729C1808578B0027B05E /* RegexKitLite.h */ = {isa = PBXFileReference; fileEncoding = 4; lastKnownFileType = sourcecode.c.h; path = RegexKitLite.h; sourceTree = "<group>"; };
		18FC729D1808578B0027B05E /* RegexKitLite.m */ = {isa = PBXFileReference; fileEncoding = 4; lastKnownFileType = sourcecode.c.objc; path = RegexKitLite.m; sourceTree = "<group>"; };
/* End PBXFileReference section */

/* Begin PBXFrameworksBuildPhase section */
		18C7AD851802BFEC00F62819 /* Frameworks */ = {
			isa = PBXFrameworksBuildPhase;
			buildActionMask = 2147483647;
			files = (
				1892E69718477D45009A3255 /* libsqlite3.0.dylib in Frameworks */,
				18CFBFAF18098C21001511D7 /* CFNetwork.framework in Frameworks */,
				18FC7296180857100027B05E /* libicucore.dylib in Frameworks */,
				18C7AD8E1802BFEC00F62819 /* CoreGraphics.framework in Frameworks */,
				18C7AD901802BFEC00F62819 /* UIKit.framework in Frameworks */,
				18C7AD8C1802BFEC00F62819 /* Foundation.framework in Frameworks */,
			);
			runOnlyForDeploymentPostprocessing = 0;
		};
		18C7ADA61802BFEC00F62819 /* Frameworks */ = {
			isa = PBXFrameworksBuildPhase;
			buildActionMask = 2147483647;
			files = (
				18C7ADAB1802BFEC00F62819 /* XCTest.framework in Frameworks */,
				18C7ADAD1802BFEC00F62819 /* UIKit.framework in Frameworks */,
				18C7ADAC1802BFEC00F62819 /* Foundation.framework in Frameworks */,
			);
			runOnlyForDeploymentPostprocessing = 0;
		};
/* End PBXFrameworksBuildPhase section */

/* Begin PBXGroup section */
		1892E69818477DEE009A3255 /* database */ = {
			isa = PBXGroup;
			children = (
				1892E69918477E18009A3255 /* SqlHelper.h */,
				1892E69A18477E18009A3255 /* SqlHelper.m */,
			);
			name = database;
			sourceTree = "<group>";
		};
		1892E69C1847810C009A3255 /* FMDB */ = {
			isa = PBXGroup;
			children = (
				1892E69D18478152009A3255 /* FMDatabase.h */,
				1892E69E18478152009A3255 /* FMDatabase.m */,
				1892E69F18478152009A3255 /* FMDatabaseAdditions.h */,
				1892E6A018478152009A3255 /* FMDatabaseAdditions.m */,
				1892E6A118478152009A3255 /* FMDatabasePool.h */,
				1892E6A218478152009A3255 /* FMDatabasePool.m */,
				1892E6A318478152009A3255 /* FMDatabaseQueue.h */,
				1892E6A418478152009A3255 /* FMDatabaseQueue.m */,
				1892E6A618478152009A3255 /* FMResultSet.h */,
				1892E6A718478152009A3255 /* FMResultSet.m */,
			);
			name = FMDB;
			sourceTree = "<group>";
		};
		18C7AD7F1802BFEB00F62819 = {
			isa = PBXGroup;
			children = (
				18F35721184B6A1A00A59765 /* Util */,
				1892E69C1847810C009A3255 /* FMDB */,
				1892E69818477DEE009A3255 /* database */,
				18CFBFB018099820001511D7 /* SVProgressHUD */,
				18CFBFA718098C00001511D7 /* AsyncSocket */,
				18FC729B1808578B0027B05E /* RegexKitLite */,
				18F981141804409F00FFE3A4 /* Custom */,
				18F981111804361600FFE3A4 /* images */,
				18C7ADC31802CB5500F62819 /* UI */,
				18C7AD911802BFEC00F62819 /* light_controller */,
				18C7ADB01802BFEC00F62819 /* light_controllerTests */,
				18C7AD8A1802BFEC00F62819 /* Frameworks */,
				18C7AD891802BFEC00F62819 /* Products */,
			);
			sourceTree = "<group>";
		};
		18C7AD891802BFEC00F62819 /* Products */ = {
			isa = PBXGroup;
			children = (
				18C7AD881802BFEC00F62819 /* 灯光中控.app */,
				18C7ADA91802BFEC00F62819 /* light_controllerTests.xctest */,
			);
			name = Products;
			sourceTree = "<group>";
		};
		18C7AD8A1802BFEC00F62819 /* Frameworks */ = {
			isa = PBXGroup;
			children = (
				1892E69618477D45009A3255 /* libsqlite3.0.dylib */,
				18CFBFAE18098C21001511D7 /* CFNetwork.framework */,
				18FC7295180857100027B05E /* libicucore.dylib */,
				18C7AD8B1802BFEC00F62819 /* Foundation.framework */,
				18C7AD8D1802BFEC00F62819 /* CoreGraphics.framework */,
				18C7AD8F1802BFEC00F62819 /* UIKit.framework */,
				18C7ADAA1802BFEC00F62819 /* XCTest.framework */,
			);
			name = Frameworks;
			sourceTree = "<group>";
		};
		18C7AD911802BFEC00F62819 /* light_controller */ = {
			isa = PBXGroup;
			children = (
				18C7AD9A1802BFEC00F62819 /* AppDelegate.h */,
				18C7AD9B1802BFEC00F62819 /* AppDelegate.m */,
				18C7AD9D1802BFEC00F62819 /* Main.storyboard */,
				18C7ADA01802BFEC00F62819 /* ViewController.h */,
				18C7ADA11802BFEC00F62819 /* ViewController.m */,
				18C7ADA31802BFEC00F62819 /* Images.xcassets */,
				18C7AD921802BFEC00F62819 /* Supporting Files */,
				18C7ADC01802CA2500F62819 /* Constant.h */,
				18C7ADC11802CA2500F62819 /* Constant.m */,
				18D9F71D180A33AF009B0CF0 /* Protocol.h */,
				18D9F71E180A33AF009B0CF0 /* Protocol.m */,
			);
			path = light_controller;
			sourceTree = "<group>";
		};
		18C7AD921802BFEC00F62819 /* Supporting Files */ = {
			isa = PBXGroup;
			children = (
				18C7AD931802BFEC00F62819 /* light_controller-Info.plist */,
				18C7AD941802BFEC00F62819 /* InfoPlist.strings */,
				18C7AD971802BFEC00F62819 /* main.m */,
				18C7AD991802BFEC00F62819 /* light_controller-Prefix.pch */,
				1853DF7618437E8E00C1FDC9 /* mystring.strings */,
			);
			name = "Supporting Files";
			sourceTree = "<group>";
		};
		18C7ADB01802BFEC00F62819 /* light_controllerTests */ = {
			isa = PBXGroup;
			children = (
				18C7ADB61802BFEC00F62819 /* light_controllerTests.m */,
				18C7ADB11802BFEC00F62819 /* Supporting Files */,
			);
			path = light_controllerTests;
			sourceTree = "<group>";
		};
		18C7ADB11802BFEC00F62819 /* Supporting Files */ = {
			isa = PBXGroup;
			children = (
				18C7ADB21802BFEC00F62819 /* light_controllerTests-Info.plist */,
				18C7ADB31802BFEC00F62819 /* InfoPlist.strings */,
			);
			name = "Supporting Files";
			sourceTree = "<group>";
		};
		18C7ADC31802CB5500F62819 /* UI */ = {
			isa = PBXGroup;
			children = (
				18C7ADC91802CC7300F62819 /* Page2.h */,
				18C7ADCA1802CC7300F62819 /* Page2.m */,
				18D79E5E1802FE7500644EC1 /* Page1.h */,
				18D79E5F1802FE7500644EC1 /* Page1.m */,
				18D79E68180301EC00644EC1 /* Page3.h */,
				18D79E69180301EC00644EC1 /* Page3.m */,
				18FC72921808440D0027B05E /* PageSetting.h */,
				18FC72931808440D0027B05E /* PageSetting.m */,
				1892E68E18477037009A3255 /* SettingList.h */,
				1892E68F18477037009A3255 /* SettingList.m */,
			);
			name = UI;
			sourceTree = "<group>";
		};
		18CFBFA718098C00001511D7 /* AsyncSocket */ = {
			isa = PBXGroup;
			children = (
				18CFBFB618099CAD001511D7 /* AsyncSocket.h */,
				18CFBFB718099CAD001511D7 /* AsyncSocket.m */,
			);
			path = AsyncSocket;
			sourceTree = "<group>";
		};
		18CFBFB018099820001511D7 /* SVProgressHUD */ = {
			isa = PBXGroup;
			children = (
				18CFBFB118099820001511D7 /* SVProgressHUD.bundle */,
				18CFBFB218099820001511D7 /* SVProgressHUD.h */,
				18CFBFB318099820001511D7 /* SVProgressHUD.m */,
			);
			path = SVProgressHUD;
			sourceTree = "<group>";
		};
		18F35721184B6A1A00A59765 /* Util */ = {
			isa = PBXGroup;
			children = (
				18F35722184B6A4000A59765 /* OtherTool.h */,
				18F35723184B6A4000A59765 /* OtherTool.m */,
			);
			name = Util;
			sourceTree = "<group>";
		};
		18F981111804361600FFE3A4 /* images */ = {
			isa = PBXGroup;
			children = (
				18EECBA3186683D8008FEBD8 /* toolbar_btn_s.png */,
				18EECBA4186683D8008FEBD8 /* toolbar_btn.png */,
				1864335E184CD0430054F519 /* title_bar.png */,
				18FC728E180840BE0027B05E /* bright_down.png */,
				18FC728F180840BE0027B05E /* bright_up.png */,
				18FC728A18083F360027B05E /* off.png */,
				18FC728B18083F360027B05E /* on.png */,
				18CF26F0180700DD00F1053F /* circle_back2.png */,
				18CF26E81806FC4700F1053F /* center_b.png */,
				18CF26E91806FC4700F1053F /* center_g.png */,
				18CF26EA1806FC4700F1053F /* center_r.png */,
				18CF26EB1806FC4700F1053F /* center_rpg.png */,
				18CF26E61806EB6500F1053F /* small_circle.png */,
				18CF26DF1806CAC100F1053F /* center_w.png */,
				18EBCC051805B304005ED434 /* icon.png */,
				18EBCBF51805AEAD005ED434 /* alarm.png */,
				18EBCBF61805AEAD005ED434 /* meeting.png */,
				18EBCBF71805AEAD005ED434 /* mode.png */,
				18EBCBF81805AEAD005ED434 /* night.png */,
				18EBCBF91805AEAD005ED434 /* reading.png */,
				18EBCBFA1805AEAD005ED434 /* recreation.png */,
				18EBCBFB1805AEAD005ED434 /* sleep.png */,
				18EBCBFC1805AEAD005ED434 /* timer.png */,
				18EBCBF11805A886005ED434 /* btn_off4.png */,
				18EBCBF21805A886005ED434 /* btn_on4.png */,
				18EBCBE51805A7FB005ED434 /* btn_off1.png */,
				18EBCBE61805A7FB005ED434 /* btn_off2.png */,
				18EBCBE71805A7FB005ED434 /* btn_off3.png */,
				18EBCBE81805A7FB005ED434 /* btn_on1.png */,
				18EBCBE91805A7FB005ED434 /* btn_on2.png */,
				18EBCBEA1805A7FB005ED434 /* btn_on3.png */,
				18C274AA18057A1E0051F64C /* four_down.png */,
				18C274AB18057A1E0051F64C /* four_left_down.png */,
				18C274AC18057A1E0051F64C /* four_left_up.png */,
				18C274AD18057A1E0051F64C /* four_left.png */,
				18C274AE18057A1E0051F64C /* four_right_down.png */,
				18C274AF18057A1E0051F64C /* four_right_up.png */,
				18C274B018057A1E0051F64C /* four_right.png */,
				18C274B118057A1E0051F64C /* four_up.png */,
				18C274B218057A1E0051F64C /* four.png */,
				18F981121804361600FFE3A4 /* back.png */,
			);
			path = images;
			sourceTree = "<group>";
		};
		18F981141804409F00FFE3A4 /* Custom */ = {
			isa = PBXGroup;
			children = (
				18F981221804510D00FFE3A4 /* TwoKeyButton.h */,
				18F981231804510D00FFE3A4 /* TwoKeyButton.m */,
				18C274BC18057A4F0051F64C /* FourKeyButton.h */,
				18C274BD18057A4F0051F64C /* FourKeyButton.m */,
				18CF26E31806DDF400F1053F /* CircleButton.h */,
				18CF26E41806DDF400F1053F /* CircleButton.m */,
				188655521809A47D00035915 /* UserInfo.h */,
				188655531809A47D00035915 /* UserInfo.m */,
				1892E691184774EE009A3255 /* CustomCell.xib */,
				1892E69318477527009A3255 /* CustomCell.h */,
				1892E69418477527009A3255 /* CustomCell.m */,
				18F3571E184B306D00A59765 /* CustomAlertView.h */,
				18F3571F184B306D00A59765 /* CustomAlertView.m */,
			);
			name = Custom;
			sourceTree = "<group>";
		};
		18FC729B1808578B0027B05E /* RegexKitLite */ = {
			isa = PBXGroup;
			children = (
				18FC729C1808578B0027B05E /* RegexKitLite.h */,
				18FC729D1808578B0027B05E /* RegexKitLite.m */,
			);
			path = RegexKitLite;
			sourceTree = "<group>";
		};
/* End PBXGroup section */

/* Begin PBXNativeTarget section */
		18C7AD871802BFEC00F62819 /* light_controller */ = {
			isa = PBXNativeTarget;
			buildConfigurationList = 18C7ADBA1802BFEC00F62819 /* Build configuration list for PBXNativeTarget "light_controller" */;
			buildPhases = (
				18C7AD841802BFEC00F62819 /* Sources */,
				18C7AD851802BFEC00F62819 /* Frameworks */,
				18C7AD861802BFEC00F62819 /* Resources */,
			);
			buildRules = (
			);
			dependencies = (
			);
			name = light_controller;
			productName = light_controller;
			productReference = 18C7AD881802BFEC00F62819 /* 灯光中控.app */;
			productType = "com.apple.product-type.application";
		};
		18C7ADA81802BFEC00F62819 /* light_controllerTests */ = {
			isa = PBXNativeTarget;
			buildConfigurationList = 18C7ADBD1802BFEC00F62819 /* Build configuration list for PBXNativeTarget "light_controllerTests" */;
			buildPhases = (
				18C7ADA51802BFEC00F62819 /* Sources */,
				18C7ADA61802BFEC00F62819 /* Frameworks */,
				18C7ADA71802BFEC00F62819 /* Resources */,
			);
			buildRules = (
			);
			dependencies = (
				18C7ADAF1802BFEC00F62819 /* PBXTargetDependency */,
			);
			name = light_controllerTests;
			productName = light_controllerTests;
			productReference = 18C7ADA91802BFEC00F62819 /* light_controllerTests.xctest */;
			productType = "com.apple.product-type.bundle.unit-test";
		};
/* End PBXNativeTarget section */

/* Begin PBXProject section */
		18C7AD801802BFEB00F62819 /* Project object */ = {
			isa = PBXProject;
			attributes = {
				LastUpgradeCheck = 0500;
				ORGANIZATIONNAME = Apple;
				TargetAttributes = {
					18C7AD871802BFEC00F62819 = {
						DevelopmentTeam = 9385232JZS;
					};
					18C7ADA81802BFEC00F62819 = {
						TestTargetID = 18C7AD871802BFEC00F62819;
					};
				};
			};
			buildConfigurationList = 18C7AD831802BFEB00F62819 /* Build configuration list for PBXProject "light_controller" */;
			compatibilityVersion = "Xcode 3.2";
			developmentRegion = English;
			hasScannedForEncodings = 0;
			knownRegions = (
				en,
				Base,
				ru,
			);
			mainGroup = 18C7AD7F1802BFEB00F62819;
			productRefGroup = 18C7AD891802BFEC00F62819 /* Products */;
			projectDirPath = "";
			projectRoot = "";
			targets = (
				18C7AD871802BFEC00F62819 /* light_controller */,
				18C7ADA81802BFEC00F62819 /* light_controllerTests */,
			);
		};
/* End PBXProject section */

/* Begin PBXResourcesBuildPhase section */
		18C7AD861802BFEC00F62819 /* Resources */ = {
			isa = PBXResourcesBuildPhase;
			buildActionMask = 2147483647;
			files = (
				18EECBA5186683D8008FEBD8 /* toolbar_btn_s.png in Resources */,
				18CF26E11806CAC100F1053F /* center_w.png in Resources */,
				18C274B318057A1E0051F64C /* four_down.png in Resources */,
				18C274B618057A1E0051F64C /* four_left.png in Resources */,
				18C274B418057A1E0051F64C /* four_left_down.png in Resources */,
				18EBCC041805AEAD005ED434 /* timer.png in Resources */,
				18C274B518057A1E0051F64C /* four_left_up.png in Resources */,
				18EBCBFE1805AEAD005ED434 /* meeting.png in Resources */,
				18CFBFB418099820001511D7 /* SVProgressHUD.bundle in Resources */,
				18C274B818057A1E0051F64C /* four_right_up.png in Resources */,
				18CF26EF1806FC4700F1053F /* center_rpg.png in Resources */,
				18EBCBF31805A886005ED434 /* btn_off4.png in Resources */,
				18F981131804361600FFE3A4 /* back.png in Resources */,
				1853DF7418437E8E00C1FDC9 /* mystring.strings in Resources */,
				18EBCBFF1805AEAD005ED434 /* mode.png in Resources */,
				1892E692184774EE009A3255 /* CustomCell.xib in Resources */,
				18C274B918057A1E0051F64C /* four_right.png in Resources */,
				18C7ADA41802BFEC00F62819 /* Images.xcassets in Resources */,
				18EBCBF01805A7FB005ED434 /* btn_on3.png in Resources */,
				18C274B718057A1E0051F64C /* four_right_down.png in Resources */,
				18EBCC001805AEAD005ED434 /* night.png in Resources */,
				18EBCC011805AEAD005ED434 /* reading.png in Resources */,
				18C274BA18057A1E0051F64C /* four_up.png in Resources */,
				18CF26F1180700DD00F1053F /* circle_back2.png in Resources */,
				18CF26EC1806FC4700F1053F /* center_b.png in Resources */,
				18CF26ED1806FC4700F1053F /* center_g.png in Resources */,
				18CF26EE1806FC4700F1053F /* center_r.png in Resources */,
				18EBCBF41805A886005ED434 /* btn_on4.png in Resources */,
				1864335F184CD0430054F519 /* title_bar.png in Resources */,
				18C274BB18057A1E0051F64C /* four.png in Resources */,
				18FC7290180840BE0027B05E /* bright_down.png in Resources */,
				18FC728C18083F360027B05E /* off.png in Resources */,
				18EECBA6186683D8008FEBD8 /* toolbar_btn.png in Resources */,
				18FC728D18083F360027B05E /* on.png in Resources */,
				18EBCBEF1805A7FB005ED434 /* btn_on2.png in Resources */,
				18EBCBFD1805AEAD005ED434 /* alarm.png in Resources */,
				18C7AD961802BFEC00F62819 /* InfoPlist.strings in Resources */,
				18EBCC031805AEAD005ED434 /* sleep.png in Resources */,
				18EBCBEC1805A7FB005ED434 /* btn_off2.png in Resources */,
				18EBCBEB1805A7FB005ED434 /* btn_off1.png in Resources */,
				18EBCBED1805A7FB005ED434 /* btn_off3.png in Resources */,
				18EBCC061805B304005ED434 /* icon.png in Resources */,
				18C7AD9F1802BFEC00F62819 /* Main.storyboard in Resources */,
				18CF26E71806EB6500F1053F /* small_circle.png in Resources */,
				18EBCBEE1805A7FB005ED434 /* btn_on1.png in Resources */,
				18FC7291180840BE0027B05E /* bright_up.png in Resources */,
				18EBCC021805AEAD005ED434 /* recreation.png in Resources */,
			);
			runOnlyForDeploymentPostprocessing = 0;
		};
		18C7ADA71802BFEC00F62819 /* Resources */ = {
			isa = PBXResourcesBuildPhase;
			buildActionMask = 2147483647;
			files = (
				18C7ADB51802BFEC00F62819 /* InfoPlist.strings in Resources */,
			);
			runOnlyForDeploymentPostprocessing = 0;
		};
/* End PBXResourcesBuildPhase section */

/* Begin PBXSourcesBuildPhase section */
		18C7AD841802BFEC00F62819 /* Sources */ = {
			isa = PBXSourcesBuildPhase;
			buildActionMask = 2147483647;
			files = (
				18F35720184B306D00A59765 /* CustomAlertView.m in Sources */,
				18F981241804510D00FFE3A4 /* TwoKeyButton.m in Sources */,
				1892E69518477527009A3255 /* CustomCell.m in Sources */,
				18D79E611802FE7500644EC1 /* Page1.m in Sources */,
				1892E6A918478152009A3255 /* FMDatabaseAdditions.m in Sources */,
				18CFBFB518099820001511D7 /* SVProgressHUD.m in Sources */,
				18C7ADA21802BFEC00F62819 /* ViewController.m in Sources */,
				1892E69B18477E18009A3255 /* SqlHelper.m in Sources */,
				18CF26E51806DDF400F1053F /* CircleButton.m in Sources */,
				18FC72941808440D0027B05E /* PageSetting.m in Sources */,
				18F35724184B6A4000A59765 /* OtherTool.m in Sources */,
				18C7AD9C1802BFEC00F62819 /* AppDelegate.m in Sources */,
				18D9F71F180A33AF009B0CF0 /* Protocol.m in Sources */,
				18FC729E1808578B0027B05E /* RegexKitLite.m in Sources */,
				18C7AD981802BFEC00F62819 /* main.m in Sources */,
				1892E6AA18478152009A3255 /* FMDatabasePool.m in Sources */,
				18C7ADCC1802CC7300F62819 /* Page2.m in Sources */,
				1892E6AD18478152009A3255 /* FMResultSet.m in Sources */,
				1892E6A818478152009A3255 /* FMDatabase.m in Sources */,
				18C274BE18057A4F0051F64C /* FourKeyButton.m in Sources */,
				1892E69018477037009A3255 /* SettingList.m in Sources */,
				18D79E6A180301EC00644EC1 /* Page3.m in Sources */,
				18C7ADC21802CA2500F62819 /* Constant.m in Sources */,
				188655541809A47D00035915 /* UserInfo.m in Sources */,
				18CFBFB818099CAD001511D7 /* AsyncSocket.m in Sources */,
				1892E6AB18478152009A3255 /* FMDatabaseQueue.m in Sources */,
			);
			runOnlyForDeploymentPostprocessing = 0;
		};
		18C7ADA51802BFEC00F62819 /* Sources */ = {
			isa = PBXSourcesBuildPhase;
			buildActionMask = 2147483647;
			files = (
				18C7ADB71802BFEC00F62819 /* light_controllerTests.m in Sources */,
			);
			runOnlyForDeploymentPostprocessing = 0;
		};
/* End PBXSourcesBuildPhase section */

/* Begin PBXTargetDependency section */
		18C7ADAF1802BFEC00F62819 /* PBXTargetDependency */ = {
			isa = PBXTargetDependency;
			target = 18C7AD871802BFEC00F62819 /* light_controller */;
			targetProxy = 18C7ADAE1802BFEC00F62819 /* PBXContainerItemProxy */;
		};
/* End PBXTargetDependency section */

/* Begin PBXVariantGroup section */
		1853DF7618437E8E00C1FDC9 /* mystring.strings */ = {
			isa = PBXVariantGroup;
			children = (
				1853DF7518437E8E00C1FDC9 /* Base */,
				1853DF7718437E9700C1FDC9 /* en */,
				1853DF7818437E9900C1FDC9 /* ru */,
			);
			name = mystring.strings;
			sourceTree = "<group>";
		};
		18C7AD941802BFEC00F62819 /* InfoPlist.strings */ = {
			isa = PBXVariantGroup;
			children = (
				18C7AD951802BFEC00F62819 /* en */,
				1853DF7118437D0F00C1FDC9 /* Base */,
				1853DF7218437DA200C1FDC9 /* ru */,
			);
			name = InfoPlist.strings;
			sourceTree = "<group>";
		};
		18C7AD9D1802BFEC00F62819 /* Main.storyboard */ = {
			isa = PBXVariantGroup;
			children = (
				18C7AD9E1802BFEC00F62819 /* Base */,
			);
			name = Main.storyboard;
			sourceTree = "<group>";
		};
		18C7ADB31802BFEC00F62819 /* InfoPlist.strings */ = {
			isa = PBXVariantGroup;
			children = (
				18C7ADB41802BFEC00F62819 /* en */,
				1853DF7318437DA200C1FDC9 /* ru */,
			);
			name = InfoPlist.strings;
			sourceTree = "<group>";
		};
/* End PBXVariantGroup section */

/* Begin XCBuildConfiguration section */
		18C7ADB81802BFEC00F62819 /* Debug */ = {
			isa = XCBuildConfiguration;
			buildSettings = {
				ALWAYS_SEARCH_USER_PATHS = NO;
				ARCHS = "$(ARCHS_STANDARD_INCLUDING_64_BIT)";
				CLANG_CXX_LANGUAGE_STANDARD = "gnu++0x";
				CLANG_CXX_LIBRARY = "libc++";
				CLANG_ENABLE_MODULES = YES;
				CLANG_ENABLE_OBJC_ARC = YES;
				CLANG_WARN_BOOL_CONVERSION = YES;
				CLANG_WARN_CONSTANT_CONVERSION = YES;
				CLANG_WARN_DIRECT_OBJC_ISA_USAGE = YES_ERROR;
				CLANG_WARN_EMPTY_BODY = YES;
				CLANG_WARN_ENUM_CONVERSION = YES;
				CLANG_WARN_INT_CONVERSION = YES;
				CLANG_WARN_OBJC_ROOT_CLASS = YES_ERROR;
				CLANG_WARN__DUPLICATE_METHOD_MATCH = YES;
				"CODE_SIGN_IDENTITY[sdk=iphoneos*]" = "iPhone Developer: 雄雄 蔡 (4WKR4JU8A9)";
				COPY_PHASE_STRIP = NO;
				GCC_C_LANGUAGE_STANDARD = gnu99;
				GCC_DYNAMIC_NO_PIC = NO;
				GCC_OPTIMIZATION_LEVEL = 0;
				GCC_PREPROCESSOR_DEFINITIONS = (
					"DEBUG=1",
					"$(inherited)",
				);
				GCC_SYMBOLS_PRIVATE_EXTERN = NO;
				GCC_WARN_64_TO_32_BIT_CONVERSION = YES;
				GCC_WARN_ABOUT_RETURN_TYPE = YES_ERROR;
				GCC_WARN_UNDECLARED_SELECTOR = YES;
				GCC_WARN_UNINITIALIZED_AUTOS = YES;
				GCC_WARN_UNUSED_FUNCTION = YES;
				GCC_WARN_UNUSED_VARIABLE = YES;
				IPHONEOS_DEPLOYMENT_TARGET = 6.1;
				ONLY_ACTIVE_ARCH = YES;
				SDKROOT = iphoneos;
				VALIDATE_PRODUCT = YES;
			};
			name = Debug;
		};
		18C7ADB91802BFEC00F62819 /* Release */ = {
			isa = XCBuildConfiguration;
			buildSettings = {
				ALWAYS_SEARCH_USER_PATHS = NO;
				ARCHS = "$(ARCHS_STANDARD_INCLUDING_64_BIT)";
				CLANG_CXX_LANGUAGE_STANDARD = "gnu++0x";
				CLANG_CXX_LIBRARY = "libc++";
				CLANG_ENABLE_MODULES = YES;
				CLANG_ENABLE_OBJC_ARC = YES;
				CLANG_WARN_BOOL_CONVERSION = YES;
				CLANG_WARN_CONSTANT_CONVERSION = YES;
				CLANG_WARN_DIRECT_OBJC_ISA_USAGE = YES_ERROR;
				CLANG_WARN_EMPTY_BODY = YES;
				CLANG_WARN_ENUM_CONVERSION = YES;
				CLANG_WARN_INT_CONVERSION = YES;
				CLANG_WARN_OBJC_ROOT_CLASS = YES_ERROR;
				CLANG_WARN__DUPLICATE_METHOD_MATCH = YES;
				"CODE_SIGN_IDENTITY[sdk=iphoneos*]" = "iPhone Developer: 雄雄 蔡 (4WKR4JU8A9)";
				COPY_PHASE_STRIP = YES;
				ENABLE_NS_ASSERTIONS = NO;
				GCC_C_LANGUAGE_STANDARD = gnu99;
				GCC_WARN_64_TO_32_BIT_CONVERSION = YES;
				GCC_WARN_ABOUT_RETURN_TYPE = YES_ERROR;
				GCC_WARN_UNDECLARED_SELECTOR = YES;
				GCC_WARN_UNINITIALIZED_AUTOS = YES;
				GCC_WARN_UNUSED_FUNCTION = YES;
				GCC_WARN_UNUSED_VARIABLE = YES;
				IPHONEOS_DEPLOYMENT_TARGET = 6.1;
				ONLY_ACTIVE_ARCH = YES;
				SDKROOT = iphoneos;
				VALIDATE_PRODUCT = YES;
			};
			name = Release;
		};
		18C7ADBB1802BFEC00F62819 /* Debug */ = {
			isa = XCBuildConfiguration;
			buildSettings = {
				ASSETCATALOG_COMPILER_APPICON_NAME = AppIcon;
				ASSETCATALOG_COMPILER_LAUNCHIMAGE_NAME = LaunchImage;
				CODE_SIGN_IDENTITY = "iPhone Developer";
				"CODE_SIGN_IDENTITY[sdk=iphoneos*]" = "iPhone Developer";
				GCC_PRECOMPILE_PREFIX_HEADER = YES;
				GCC_PREFIX_HEADER = "light_controller/light_controller-Prefix.pch";
				INFOPLIST_FILE = "light_controller/light_controller-Info.plist";
				PRODUCT_NAME = "灯光中控";
				PROVISIONING_PROFILE = "";
				TARGETED_DEVICE_FAMILY = 1;
				WRAPPER_EXTENSION = app;
			};
			name = Debug;
		};
		18C7ADBC1802BFEC00F62819 /* Release */ = {
			isa = XCBuildConfiguration;
			buildSettings = {
				ASSETCATALOG_COMPILER_APPICON_NAME = AppIcon;
				ASSETCATALOG_COMPILER_LAUNCHIMAGE_NAME = LaunchImage;
				CODE_SIGN_IDENTITY = "iPhone Developer";
				"CODE_SIGN_IDENTITY[sdk=iphoneos*]" = "iPhone Developer";
				GCC_PRECOMPILE_PREFIX_HEADER = YES;
				GCC_PREFIX_HEADER = "light_controller/light_controller-Prefix.pch";
				INFOPLIST_FILE = "light_controller/light_controller-Info.plist";
				PRODUCT_NAME = "灯光中控";
				PROVISIONING_PROFILE = "";
				TARGETED_DEVICE_FAMILY = 1;
				WRAPPER_EXTENSION = app;
			};
			name = Release;
		};
		18C7ADBE1802BFEC00F62819 /* Debug */ = {
			isa = XCBuildConfiguration;
			buildSettings = {
				ARCHS = "$(ARCHS_STANDARD_INCLUDING_64_BIT)";
				BUNDLE_LOADER = "$(BUILT_PRODUCTS_DIR)/light_controller.app/light_controller";
				FRAMEWORK_SEARCH_PATHS = (
					"$(SDKROOT)/Developer/Library/Frameworks",
					"$(inherited)",
					"$(DEVELOPER_FRAMEWORKS_DIR)",
				);
				GCC_PRECOMPILE_PREFIX_HEADER = YES;
				GCC_PREFIX_HEADER = "light_controller/light_controller-Prefix.pch";
				GCC_PREPROCESSOR_DEFINITIONS = (
					"DEBUG=1",
					"$(inherited)",
				);
				INFOPLIST_FILE = "light_controllerTests/light_controllerTests-Info.plist";
				PRODUCT_NAME = "$(TARGET_NAME)";
				TEST_HOST = "$(BUNDLE_LOADER)";
				WRAPPER_EXTENSION = xctest;
			};
			name = Debug;
		};
		18C7ADBF1802BFEC00F62819 /* Release */ = {
			isa = XCBuildConfiguration;
			buildSettings = {
				ARCHS = "$(ARCHS_STANDARD_INCLUDING_64_BIT)";
				BUNDLE_LOADER = "$(BUILT_PRODUCTS_DIR)/light_controller.app/light_controller";
				FRAMEWORK_SEARCH_PATHS = (
					"$(SDKROOT)/Developer/Library/Frameworks",
					"$(inherited)",
					"$(DEVELOPER_FRAMEWORKS_DIR)",
				);
				GCC_PRECOMPILE_PREFIX_HEADER = YES;
				GCC_PREFIX_HEADER = "light_controller/light_controller-Prefix.pch";
				INFOPLIST_FILE = "light_controllerTests/light_controllerTests-Info.plist";
				PRODUCT_NAME = "$(TARGET_NAME)";
				TEST_HOST = "$(BUNDLE_LOADER)";
				WRAPPER_EXTENSION = xctest;
			};
			name = Release;
		};
/* End XCBuildConfiguration section */

/* Begin XCConfigurationList section */
		18C7AD831802BFEB00F62819 /* Build configuration list for PBXProject "light_controller" */ = {
			isa = XCConfigurationList;
			buildConfigurations = (
				18C7ADB81802BFEC00F62819 /* Debug */,
				18C7ADB91802BFEC00F62819 /* Release */,
			);
			defaultConfigurationIsVisible = 0;
			defaultConfigurationName = Release;
		};
		18C7ADBA1802BFEC00F62819 /* Build configuration list for PBXNativeTarget "light_controller" */ = {
			isa = XCConfigurationList;
			buildConfigurations = (
				18C7ADBB1802BFEC00F62819 /* Debug */,
				18C7ADBC1802BFEC00F62819 /* Release */,
			);
			defaultConfigurationIsVisible = 0;
			defaultConfigurationName = Release;
		};
		18C7ADBD1802BFEC00F62819 /* Build configuration list for PBXNativeTarget "light_controllerTests" */ = {
			isa = XCConfigurationList;
			buildConfigurations = (
				18C7ADBE1802BFEC00F62819 /* Debug */,
				18C7ADBF1802BFEC00F62819 /* Release */,
			);
			defaultConfigurationIsVisible = 0;
			defaultConfigurationName = Release;
		};
/* End XCConfigurationList section */
	};
	rootObject = 18C7AD801802BFEB00F62819 /* Project object */;
}
